// !$*UTF8*$!
{
	archiveVersion = 1;
	classes = {
	};
	objectVersion = 50;
	objects = {

/* Begin PBXBuildFile section */
		64B976A6264A525200EBD5C4 /* AppDelegate.swift in Sources */ = {isa = PBXBuildFile; fileRef = 64B976A5264A525200EBD5C4 /* AppDelegate.swift */; };
		64B976A8264A525200EBD5C4 /* SceneDelegate.swift in Sources */ = {isa = PBXBuildFile; fileRef = 64B976A7264A525200EBD5C4 /* SceneDelegate.swift */; };
		64B976AA264A525200EBD5C4 /* ViewController.swift in Sources */ = {isa = PBXBuildFile; fileRef = 64B976A9264A525200EBD5C4 /* ViewController.swift */; };
		64B976AD264A525200EBD5C4 /* Main.storyboard in Resources */ = {isa = PBXBuildFile; fileRef = 64B976AB264A525200EBD5C4 /* Main.storyboard */; };
		64B976AF264A525600EBD5C4 /* Assets.xcassets in Resources */ = {isa = PBXBuildFile; fileRef = 64B976AE264A525600EBD5C4 /* Assets.xcassets */; };
		64B976B2264A525600EBD5C4 /* LaunchScreen.storyboard in Resources */ = {isa = PBXBuildFile; fileRef = 64B976B0264A525600EBD5C4 /* LaunchScreen.storyboard */; };
		64B976CB264A52B800EBD5C4 /* bg_blue@2x.png in Resources */ = {isa = PBXBuildFile; fileRef = 64B976BC264A52B800EBD5C4 /* bg_blue@2x.png */; };
		64B976CC264A52B800EBD5C4 /* bg_gold@2x.png in Resources */ = {isa = PBXBuildFile; fileRef = 64B976BD264A52B800EBD5C4 /* bg_gold@2x.png */; };
		64B976CD264A52B800EBD5C4 /* gacha@2x.png in Resources */ = {isa = PBXBuildFile; fileRef = 64B976BE264A52B800EBD5C4 /* gacha@2x.png */; };
		64B976CE264A52B800EBD5C4 /* bg_red@2x.png in Resources */ = {isa = PBXBuildFile; fileRef = 64B976BF264A52B800EBD5C4 /* bg_red@2x.png */; };
		64B976CF264A52B800EBD5C4 /* monster005.png in Resources */ = {isa = PBXBuildFile; fileRef = 64B976C1264A52B800EBD5C4 /* monster005.png */; };
		64B976D0264A52B800EBD5C4 /* monster010.png in Resources */ = {isa = PBXBuildFile; fileRef = 64B976C2264A52B800EBD5C4 /* monster010.png */; };
		64B976D1264A52B800EBD5C4 /* monster004.png in Resources */ = {isa = PBXBuildFile; fileRef = 64B976C3264A52B800EBD5C4 /* monster004.png */; };
		64B976D2264A52B800EBD5C4 /* monster006.png in Resources */ = {isa = PBXBuildFile; fileRef = 64B976C4264A52B800EBD5C4 /* monster006.png */; };
		64B976D3264A52B800EBD5C4 /* monster007.png in Resources */ = {isa = PBXBuildFile; fileRef = 64B976C5264A52B800EBD5C4 /* monster007.png */; };
		64B976D4264A52B800EBD5C4 /* monster003.png in Resources */ = {isa = PBXBuildFile; fileRef = 64B976C6264A52B800EBD5C4 /* monster003.png */; };
		64B976D5264A52B800EBD5C4 /* monster002.png in Resources */ = {isa = PBXBuildFile; fileRef = 64B976C7264A52B800EBD5C4 /* monster002.png */; };
		64B976D6264A52B800EBD5C4 /* monster001.png in Resources */ = {isa = PBXBuildFile; fileRef = 64B976C8264A52B800EBD5C4 /* monster001.png */; };
		64B976D7264A52B800EBD5C4 /* monster009.png in Resources */ = {isa = PBXBuildFile; fileRef = 64B976C9264A52B800EBD5C4 /* monster009.png */; };
		64B976D8264A52B800EBD5C4 /* monster008.png in Resources */ = {isa = PBXBuildFile; fileRef = 64B976CA264A52B800EBD5C4 /* monster008.png */; };
		64B976DA264A565D00EBD5C4 /* ResultViewController.swift in Sources */ = {isa = PBXBuildFile; fileRef = 64B976D9264A565D00EBD5C4 /* ResultViewController.swift */; };
/* End PBXBuildFile section */

/* Begin PBXFileReference section */
		64B976A2264A525200EBD5C4 /* GachaTech.app */ = {isa = PBXFileReference; explicitFileType = wrapper.application; includeInIndex = 0; path = GachaTech.app; sourceTree = BUILT_PRODUCTS_DIR; };
		64B976A5264A525200EBD5C4 /* AppDelegate.swift */ = {isa = PBXFileReference; lastKnownFileType = sourcecode.swift; path = AppDelegate.swift; sourceTree = "<group>"; };
		64B976A7264A525200EBD5C4 /* SceneDelegate.swift */ = {isa = PBXFileReference; lastKnownFileType = sourcecode.swift; path = SceneDelegate.swift; sourceTree = "<group>"; };
		64B976A9264A525200EBD5C4 /* ViewController.swift */ = {isa = PBXFileReference; lastKnownFileType = sourcecode.swift; path = ViewController.swift; sourceTree = "<group>"; };
		64B976AC264A525200EBD5C4 /* Base */ = {isa = PBXFileReference; lastKnownFileType = file.storyboard; name = Base; path = Base.lproj/Main.storyboard; sourceTree = "<group>"; };
		64B976AE264A525600EBD5C4 /* Assets.xcassets */ = {isa = PBXFileReference; lastKnownFileType = folder.assetcatalog; path = Assets.xcassets; sourceTree = "<group>"; };
		64B976B1264A525600EBD5C4 /* Base */ = {isa = PBXFileReference; lastKnownFileType = file.storyboard; name = Base; path = Base.lproj/LaunchScreen.storyboard; sourceTree = "<group>"; };
		64B976B3264A525600EBD5C4 /* Info.plist */ = {isa = PBXFileReference; lastKnownFileType = text.plist.xml; path = Info.plist; sourceTree = "<group>"; };
		64B976BC264A52B800EBD5C4 /* bg_blue@2x.png */ = {isa = PBXFileReference; lastKnownFileType = image.png; path = "bg_blue@2x.png"; sourceTree = "<group>"; };
		64B976BD264A52B800EBD5C4 /* bg_gold@2x.png */ = {isa = PBXFileReference; lastKnownFileType = image.png; path = "bg_gold@2x.png"; sourceTree = "<group>"; };
		64B976BE264A52B800EBD5C4 /* gacha@2x.png */ = {isa = PBXFileReference; lastKnownFileType = image.png; path = "gacha@2x.png"; sourceTree = "<group>"; };
		64B976BF264A52B800EBD5C4 /* bg_red@2x.png */ = {isa = PBXFileReference; lastKnownFileType = image.png; path = "bg_red@2x.png"; sourceTree = "<group>"; };
		64B976C1264A52B800EBD5C4 /* monster005.png */ = {isa = PBXFileReference; lastKnownFileType = image.png; path = monster005.png; sourceTree = "<group>"; };
		64B976C2264A52B800EBD5C4 /* monster010.png */ = {isa = PBXFileReference; lastKnownFileType = image.png; path = monster010.png; sourceTree = "<group>"; };
		64B976C3264A52B800EBD5C4 /* monster004.png */ = {isa = PBXFileReference; lastKnownFileType = image.png; path = monster004.png; sourceTree = "<group>"; };
		64B976C4264A52B800EBD5C4 /* monster006.png */ = {isa = PBXFileReference; lastKnownFileType = image.png; path = monster006.png; sourceTree = "<group>"; };
		64B976C5264A52B800EBD5C4 /* monster007.png */ = {isa = PBXFileReference; lastKnownFileType = image.png; path = monster007.png; sourceTree = "<group>"; };
		64B976C6264A52B800EBD5C4 /* monster003.png */ = {isa = PBXFileReference; lastKnownFileType = image.png; path = monster003.png; sourceTree = "<group>"; };
		64B976C7264A52B800EBD5C4 /* monster002.png */ = {isa = PBXFileReference; lastKnownFileType = image.png; path = monster002.png; sourceTree = "<group>"; };
		64B976C8264A52B800EBD5C4 /* monster001.png */ = {isa = PBXFileReference; lastKnownFileType = image.png; path = monster001.png; sourceTree = "<group>"; };
		64B976C9264A52B800EBD5C4 /* monster009.png */ = {isa = PBXFileReference; lastKnownFileType = image.png; path = monster009.png; sourceTree = "<group>"; };
		64B976CA264A52B800EBD5C4 /* monster008.png */ = {isa = PBXFileReference; lastKnownFileType = image.png; path = monster008.png; sourceTree = "<group>"; };
		64B976D9264A565D00EBD5C4 /* ResultViewController.swift */ = {isa = PBXFileReference; lastKnownFileType = sourcecode.swift; path = ResultViewController.swift; sourceTree = "<group>"; };
/* End PBXFileReference section */

/* Begin PBXFrameworksBuildPhase section */
		64B9769F264A525200EBD5C4 /* Frameworks */ = {
			isa = PBXFrameworksBuildPhase;
			buildActionMask = 2147483647;
			files = (
			);
			runOnlyForDeploymentPostprocessing = 0;
		};
/* End PBXFrameworksBuildPhase section */

/* Begin PBXGroup section */
		64B97699264A525200EBD5C4 = {
			isa = PBXGroup;
			children = (
				64B976A4264A525200EBD5C4 /* GachaTech */,
				64B976A3264A525200EBD5C4 /* Products */,
			);
			sourceTree = "<group>";
		};
		64B976A3264A525200EBD5C4 /* Products */ = {
			isa = PBXGroup;
			children = (
				64B976A2264A525200EBD5C4 /* GachaTech.app */,
			);
			name = Products;
			sourceTree = "<group>";
		};
		64B976A4264A525200EBD5C4 /* GachaTech */ = {
			isa = PBXGroup;
			children = (
				64B976B9264A52B800EBD5C4 /* Gacha素材 */,
				64B976A5264A525200EBD5C4 /* AppDelegate.swift */,
				64B976A7264A525200EBD5C4 /* SceneDelegate.swift */,
				64B976A9264A525200EBD5C4 /* ViewController.swift */,
				64B976AB264A525200EBD5C4 /* Main.storyboard */,
				64B976D9264A565D00EBD5C4 /* ResultViewController.swift */,
				64B976AE264A525600EBD5C4 /* Assets.xcassets */,
				64B976B0264A525600EBD5C4 /* LaunchScreen.storyboard */,
				64B976B3264A525600EBD5C4 /* Info.plist */,
			);
			path = GachaTech;
			sourceTree = "<group>";
		};
		64B976B9264A52B800EBD5C4 /* Gacha素材 */ = {
			isa = PBXGroup;
			children = (
				64B976BA264A52B800EBD5C4 /* GachaResources */,
			);
			path = "Gacha素材";
			sourceTree = "<group>";
		};
		64B976BA264A52B800EBD5C4 /* GachaResources */ = {
			isa = PBXGroup;
			children = (
				64B976BB264A52B800EBD5C4 /* background */,
				64B976C0264A52B800EBD5C4 /* monster */,
			);
			path = GachaResources;
			sourceTree = "<group>";
		};
		64B976BB264A52B800EBD5C4 /* background */ = {
			isa = PBXGroup;
			children = (
				64B976BC264A52B800EBD5C4 /* bg_blue@2x.png */,
				64B976BD264A52B800EBD5C4 /* bg_gold@2x.png */,
				64B976BE264A52B800EBD5C4 /* gacha@2x.png */,
				64B976BF264A52B800EBD5C4 /* bg_red@2x.png */,
			);
			path = background;
			sourceTree = "<group>";
		};
		64B976C0264A52B800EBD5C4 /* monster */ = {
			isa = PBXGroup;
			children = (
				64B976C1264A52B800EBD5C4 /* monster005.png */,
				64B976C2264A52B800EBD5C4 /* monster010.png */,
				64B976C3264A52B800EBD5C4 /* monster004.png */,
				64B976C4264A52B800EBD5C4 /* monster006.png */,
				64B976C5264A52B800EBD5C4 /* monster007.png */,
				64B976C6264A52B800EBD5C4 /* monster003.png */,
				64B976C7264A52B800EBD5C4 /* monster002.png */,
				64B976C8264A52B800EBD5C4 /* monster001.png */,
				64B976C9264A52B800EBD5C4 /* monster009.png */,
				64B976CA264A52B800EBD5C4 /* monster008.png */,
			);
			path = monster;
			sourceTree = "<group>";
		};
/* End PBXGroup section */

/* Begin PBXNativeTarget section */
		64B976A1264A525200EBD5C4 /* GachaTech */ = {
			isa = PBXNativeTarget;
			buildConfigurationList = 64B976B6264A525600EBD5C4 /* Build configuration list for PBXNativeTarget "GachaTech" */;
			buildPhases = (
				64B9769E264A525200EBD5C4 /* Sources */,
				64B9769F264A525200EBD5C4 /* Frameworks */,
				64B976A0264A525200EBD5C4 /* Resources */,
			);
			buildRules = (
			);
			dependencies = (
			);
			name = GachaTech;
			productName = GachaTech;
			productReference = 64B976A2264A525200EBD5C4 /* GachaTech.app */;
			productType = "com.apple.product-type.application";
		};
/* End PBXNativeTarget section */

/* Begin PBXProject section */
		64B9769A264A525200EBD5C4 /* Project object */ = {
			isa = PBXProject;
			attributes = {
				LastSwiftUpdateCheck = 1250;
				LastUpgradeCheck = 1250;
				TargetAttributes = {
					64B976A1264A525200EBD5C4 = {
						CreatedOnToolsVersion = 12.5;
					};
				};
			};
			buildConfigurationList = 64B9769D264A525200EBD5C4 /* Build configuration list for PBXProject "GachaTech" */;
			compatibilityVersion = "Xcode 9.3";
			developmentRegion = en;
			hasScannedForEncodings = 0;
			knownRegions = (
				en,
				Base,
			);
			mainGroup = 64B97699264A525200EBD5C4;
			productRefGroup = 64B976A3264A525200EBD5C4 /* Products */;
			projectDirPath = "";
			projectRoot = "";
			targets = (
				64B976A1264A525200EBD5C4 /* GachaTech */,
			);
		};
/* End PBXProject section */

/* Begin PBXResourcesBuildPhase section */
		64B976A0264A525200EBD5C4 /* Resources */ = {
			isa = PBXResourcesBuildPhase;
			buildActionMask = 2147483647;
			files = (
				64B976CE264A52B800EBD5C4 /* bg_red@2x.png in Resources */,
				64B976B2264A525600EBD5C4 /* LaunchScreen.storyboard in Resources */,
				64B976D7264A52B800EBD5C4 /* monster009.png in Resources */,
				64B976CC264A52B800EBD5C4 /* bg_gold@2x.png in Resources */,
				64B976D4264A52B800EBD5C4 /* monster003.png in Resources */,
				64B976D6264A52B800EBD5C4 /* monster001.png in Resources */,
				64B976D8264A52B800EBD5C4 /* monster008.png in Resources */,
				64B976AF264A525600EBD5C4 /* Assets.xcassets in Resources */,
				64B976D3264A52B800EBD5C4 /* monster007.png in Resources */,
				64B976CD264A52B800EBD5C4 /* gacha@2x.png in Resources */,
				64B976D5264A52B800EBD5C4 /* monster002.png in Resources */,
				64B976AD264A525200EBD5C4 /* Main.storyboard in Resources */,
				64B976D0264A52B800EBD5C4 /* monster010.png in Resources */,
				64B976D2264A52B800EBD5C4 /* monster006.png in Resources */,
				64B976CF264A52B800EBD5C4 /* monster005.png in Resources */,
				64B976CB264A52B800EBD5C4 /* bg_blue@2x.png in Resources */,
				64B976D1264A52B800EBD5C4 /* monster004.png in Resources */,
			);
			runOnlyForDeploymentPostprocessing = 0;
		};
/* End PBXResourcesBuildPhase section */

/* Begin PBXSourcesBuildPhase section */
		64B9769E264A525200EBD5C4 /* Sources */ = {
			isa = PBXSourcesBuildPhase;
			buildActionMask = 2147483647;
			files = (
				64B976AA264A525200EBD5C4 /* ViewController.swift in Sources */,
				64B976A6264A525200EBD5C4 /* AppDelegate.swift in Sources */,
				64B976A8264A525200EBD5C4 /* SceneDelegate.swift in Sources */,
				64B976DA264A565D00EBD5C4 /* ResultViewController.swift in Sources */,
			);
			runOnlyForDeploymentPostprocessing = 0;
		};
/* End PBXSourcesBuildPhase section */

/* Begin PBXVariantGroup section */
		64B976AB264A525200EBD5C4 /* Main.storyboard */ = {
			isa = PBXVariantGroup;
			children = (
				64B976AC264A525200EBD5C4 /* Base */,
			);
			name = Main.storyboard;
			sourceTree = "<group>";
		};
		64B976B0264A525600EBD5C4 /* LaunchScreen.storyboard */ = {
			isa = PBXVariantGroup;
			children = (
				64B976B1264A525600EBD5C4 /* Base */,
			);
			name = LaunchScreen.storyboard;
			sourceTree = "<group>";
		};
/* End PBXVariantGroup section */

/* Begin XCBuildConfiguration section */
		64B976B4264A525600EBD5C4 /* Debug */ = {
			isa = XCBuildConfiguration;
			buildSettings = {
				ALWAYS_SEARCH_USER_PATHS = NO;
				CLANG_ANALYZER_NONNULL = YES;
				CLANG_ANALYZER_NUMBER_OBJECT_CONVERSION = YES_AGGRESSIVE;
				CLANG_CXX_LANGUAGE_STANDARD = "gnu++14";
				CLANG_CXX_LIBRARY = "libc++";
				CLANG_ENABLE_MODULES = YES;
				CLANG_ENABLE_OBJC_ARC = YES;
				CLANG_ENABLE_OBJC_WEAK = YES;
				CLANG_WARN_BLOCK_CAPTURE_AUTORELEASING = YES;
				CLANG_WARN_BOOL_CONVERSION = YES;
				CLANG_WARN_COMMA = YES;
				CLANG_WARN_CONSTANT_CONVERSION = YES;
				CLANG_WARN_DEPRECATED_OBJC_IMPLEMENTATIONS = YES;
				CLANG_WARN_DIRECT_OBJC_ISA_USAGE = YES_ERROR;
				CLANG_WARN_DOCUMENTATION_COMMENTS = YES;
				CLANG_WARN_EMPTY_BODY = YES;
				CLANG_WARN_ENUM_CONVERSION = YES;
				CLANG_WARN_INFINITE_RECURSION = YES;
				CLANG_WARN_INT_CONVERSION = YES;
				CLANG_WARN_NON_LITERAL_NULL_CONVERSION = YES;
				CLANG_WARN_OBJC_IMPLICIT_RETAIN_SELF = YES;
				CLANG_WARN_OBJC_LITERAL_CONVERSION = YES;
				CLANG_WARN_OBJC_ROOT_CLASS = YES_ERROR;
				CLANG_WARN_QUOTED_INCLUDE_IN_FRAMEWORK_HEADER = YES;
				CLANG_WARN_RANGE_LOOP_ANALYSIS = YES;
				CLANG_WARN_STRICT_PROTOTYPES = YES;
				CLANG_WARN_SUSPICIOUS_MOVE = YES;
				CLANG_WARN_UNGUARDED_AVAILABILITY = YES_AGGRESSIVE;
				CLANG_WARN_UNREACHABLE_CODE = YES;
				CLANG_WARN__DUPLICATE_METHOD_MATCH = YES;
				COPY_PHASE_STRIP = NO;
				DEBUG_INFORMATION_FORMAT = dwarf;
				ENABLE_STRICT_OBJC_MSGSEND = YES;
				ENABLE_TESTABILITY = YES;
				GCC_C_LANGUAGE_STANDARD = gnu11;
				GCC_DYNAMIC_NO_PIC = NO;
				GCC_NO_COMMON_BLOCKS = YES;
				GCC_OPTIMIZATION_LEVEL = 0;
				GCC_PREPROCESSOR_DEFINITIONS = (
					"DEBUG=1",
					"$(inherited)",
				);
				GCC_WARN_64_TO_32_BIT_CONVERSION = YES;
				GCC_WARN_ABOUT_RETURN_TYPE = YES_ERROR;
				GCC_WARN_UNDECLARED_SELECTOR = YES;
				GCC_WARN_UNINITIALIZED_AUTOS = YES_AGGRESSIVE;
				GCC_WARN_UNUSED_FUNCTION = YES;
				GCC_WARN_UNUSED_VARIABLE = YES;
				IPHONEOS_DEPLOYMENT_TARGET = 14.5;
				MTL_ENABLE_DEBUG_INFO = INCLUDE_SOURCE;
				MTL_FAST_MATH = YES;
				ONLY_ACTIVE_ARCH = YES;
				SDKROOT = iphoneos;
				SWIFT_ACTIVE_COMPILATION_CONDITIONS = DEBUG;
				SWIFT_OPTIMIZATION_LEVEL = "-Onone";
			};
			name = Debug;
		};
		64B976B5264A525600EBD5C4 /* Release */ = {
			isa = XCBuildConfiguration;
			buildSettings = {
				ALWAYS_SEARCH_USER_PATHS = NO;
				CLANG_ANALYZER_NONNULL = YES;
				CLANG_ANALYZER_NUMBER_OBJECT_CONVERSION = YES_AGGRESSIVE;
				CLANG_CXX_LANGUAGE_STANDARD = "gnu++14";
				CLANG_CXX_LIBRARY = "libc++";
				CLANG_ENABLE_MODULES = YES;
				CLANG_ENABLE_OBJC_ARC = YES;
				CLANG_ENABLE_OBJC_WEAK = YES;
				CLANG_WARN_BLOCK_CAPTURE_AUTORELEASING = YES;
				CLANG_WARN_BOOL_CONVERSION = YES;
				CLANG_WARN_COMMA = YES;
				CLANG_WARN_CONSTANT_CONVERSION = YES;
				CLANG_WARN_DEPRECATED_OBJC_IMPLEMENTATIONS = YES;
				CLANG_WARN_DIRECT_OBJC_ISA_USAGE = YES_ERROR;
				CLANG_WARN_DOCUMENTATION_COMMENTS = YES;
				CLANG_WARN_EMPTY_BODY = YES;
				CLANG_WARN_ENUM_CONVERSION = YES;
				CLANG_WARN_INFINITE_RECURSION = YES;
				CLANG_WARN_INT_CONVERSION = YES;
				CLANG_WARN_NON_LITERAL_NULL_CONVERSION = YES;
				CLANG_WARN_OBJC_IMPLICIT_RETAIN_SELF = YES;
				CLANG_WARN_OBJC_LITERAL_CONVERSION = YES;
				CLANG_WARN_OBJC_ROOT_CLASS = YES_ERROR;
				CLANG_WARN_QUOTED_INCLUDE_IN_FRAMEWORK_HEADER = YES;
				CLANG_WARN_RANGE_LOOP_ANALYSIS = YES;
				CLANG_WARN_STRICT_PROTOTYPES = YES;
				CLANG_WARN_SUSPICIOUS_MOVE = YES;
				CLANG_WARN_UNGUARDED_AVAILABILITY = YES_AGGRESSIVE;
				CLANG_WARN_UNREACHABLE_CODE = YES;
				CLANG_WARN__DUPLICATE_METHOD_MATCH = YES;
				COPY_PHASE_STRIP = NO;
				DEBUG_INFORMATION_FORMAT = "dwarf-with-dsym";
				ENABLE_NS_ASSERTIONS = NO;
				ENABLE_STRICT_OBJC_MSGSEND = YES;
				GCC_C_LANGUAGE_STANDARD = gnu11;
				GCC_NO_COMMON_BLOCKS = YES;
				GCC_WARN_64_TO_32_BIT_CONVERSION = YES;
				GCC_WARN_ABOUT_RETURN_TYPE = YES_ERROR;
				GCC_WARN_UNDECLARED_SELECTOR = YES;
				GCC_WARN_UNINITIALIZED_AUTOS = YES_AGGRESSIVE;
				GCC_WARN_UNUSED_FUNCTION = YES;
				GCC_WARN_UNUSED_VARIABLE = YES;
				IPHONEOS_DEPLOYMENT_TARGET = 14.5;
				MTL_ENABLE_DEBUG_INFO = NO;
				MTL_FAST_MATH = YES;
				SDKROOT = iphoneos;
				SWIFT_COMPILATION_MODE = wholemodule;
				SWIFT_OPTIMIZATION_LEVEL = "-O";
				VALIDATE_PRODUCT = YES;
			};
			name = Release;
		};
		64B976B7264A525600EBD5C4 /* Debug */ = {
			isa = XCBuildConfiguration;
			buildSettings = {
				ASSETCATALOG_COMPILER_APPICON_NAME = AppIcon;
				ASSETCATALOG_COMPILER_GLOBAL_ACCENT_COLOR_NAME = AccentColor;
				CODE_SIGN_STYLE = Automatic;
				DEVELOPMENT_TEAM = 48F293G8D4;
				INFOPLIST_FILE = GachaTech/Info.plist;
				LD_RUNPATH_SEARCH_PATHS = (
					"$(inherited)",
					"@executable_path/Frameworks",
				);
				PRODUCT_BUNDLE_IDENTIFIER = app.marui.khaki.GachaTech;
				PRODUCT_NAME = "$(TARGET_NAME)";
				SWIFT_VERSION = 5.0;
				TARGETED_DEVICE_FAMILY = "1,2";
			};
			name = Debug;
		};
		64B976B8264A525600EBD5C4 /* Release */ = {
			isa = XCBuildConfiguration;
			buildSettings = {
				ASSETCATALOG_COMPILER_APPICON_NAME = AppIcon;
				ASSETCATALOG_COMPILER_GLOBAL_ACCENT_COLOR_NAME = AccentColor;
				CODE_SIGN_STYLE = Automatic;
				DEVELOPMENT_TEAM = 48F293G8D4;
				INFOPLIST_FILE = GachaTech/Info.plist;
				LD_RUNPATH_SEARCH_PATHS = (
					"$(inherited)",
					"@executable_path/Frameworks",
				);
				PRODUCT_BUNDLE_IDENTIFIER = app.marui.khaki.GachaTech;
				PRODUCT_NAME = "$(TARGET_NAME)";
				SWIFT_VERSION = 5.0;
				TARGETED_DEVICE_FAMILY = "1,2";
			};
			name = Release;
		};
/* End XCBuildConfiguration section */

/* Begin XCConfigurationList section */
		64B9769D264A525200EBD5C4 /* Build configuration list for PBXProject "GachaTech" */ = {
			isa = XCConfigurationList;
			buildConfigurations = (
				64B976B4264A525600EBD5C4 /* Debug */,
				64B976B5264A525600EBD5C4 /* Release */,
			);
			defaultConfigurationIsVisible = 0;
			defaultConfigurationName = Release;
		};
		64B976B6264A525600EBD5C4 /* Build configuration list for PBXNativeTarget "GachaTech" */ = {
			isa = XCConfigurationList;
			buildConfigurations = (
				64B976B7264A525600EBD5C4 /* Debug */,
				64B976B8264A525600EBD5C4 /* Release */,
			);
			defaultConfigurationIsVisible = 0;
			defaultConfigurationName = Release;
		};
/* End XCConfigurationList section */
	};
	rootObject = 64B9769A264A525200EBD5C4 /* Project object */;
}
